// !$*UTF8*$!
{
	archiveVersion = 1;
	classes = {
	};
	objectVersion = 55;
	objects = {

/* Begin PBXBuildFile section */
		5A96268129110A35002ADB48 /* Qwiker_DriverApp.swift in Sources */ = {isa = PBXBuildFile; fileRef = 5A96268029110A35002ADB48 /* Qwiker_DriverApp.swift */; };
		5A96268329110A35002ADB48 /* ContentView.swift in Sources */ = {isa = PBXBuildFile; fileRef = 5A96268229110A35002ADB48 /* ContentView.swift */; };
		5A96268529110A36002ADB48 /* Assets.xcassets in Resources */ = {isa = PBXBuildFile; fileRef = 5A96268429110A36002ADB48 /* Assets.xcassets */; };
		5A96268829110A36002ADB48 /* Preview Assets.xcassets in Resources */ = {isa = PBXBuildFile; fileRef = 5A96268729110A36002ADB48 /* Preview Assets.xcassets */; };
		5A96269729110AAD002ADB48 /* FontExt.swift in Sources */ = {isa = PBXBuildFile; fileRef = 5A96269629110AAD002ADB48 /* FontExt.swift */; };
		5A96269929110AC7002ADB48 /* ErrorHandler.swift in Sources */ = {isa = PBXBuildFile; fileRef = 5A96269829110AC7002ADB48 /* ErrorHandler.swift */; };
		5A96269C29110AF0002ADB48 /* MapHelpers.swift in Sources */ = {isa = PBXBuildFile; fileRef = 5A96269B29110AF0002ADB48 /* MapHelpers.swift */; };
		5A96269F29110B45002ADB48 /* LocationManager.swift in Sources */ = {isa = PBXBuildFile; fileRef = 5A96269E29110B45002ADB48 /* LocationManager.swift */; };
		5A9626A129110B74002ADB48 /* Color.swift in Sources */ = {isa = PBXBuildFile; fileRef = 5A9626A029110B74002ADB48 /* Color.swift */; };
		5A9626A329110B89002ADB48 /* View.swift in Sources */ = {isa = PBXBuildFile; fileRef = 5A9626A229110B89002ADB48 /* View.swift */; };
		5A9626A529110B9F002ADB48 /* String.swift in Sources */ = {isa = PBXBuildFile; fileRef = 5A9626A429110B9F002ADB48 /* String.swift */; };
		5A9626A729110BD6002ADB48 /* UIImage.swift in Sources */ = {isa = PBXBuildFile; fileRef = 5A9626A629110BD6002ADB48 /* UIImage.swift */; };
		5A9626A929110BEA002ADB48 /* MapKit.swift in Sources */ = {isa = PBXBuildFile; fileRef = 5A9626A829110BEA002ADB48 /* MapKit.swift */; };
		5A9626AB29110BFE002ADB48 /* UIApplication.swift in Sources */ = {isa = PBXBuildFile; fileRef = 5A9626AA29110BFE002ADB48 /* UIApplication.swift */; };
		5A9626AF29110C49002ADB48 /* Medel.ttf in Resources */ = {isa = PBXBuildFile; fileRef = 5A9626AC29110C49002ADB48 /* Medel.ttf */; };
		5A9626B029110C49002ADB48 /* Poppins-Medium.ttf in Resources */ = {isa = PBXBuildFile; fileRef = 5A9626AD29110C49002ADB48 /* Poppins-Medium.ttf */; };
		5A9626B129110C49002ADB48 /* Poppins-Regular.ttf in Resources */ = {isa = PBXBuildFile; fileRef = 5A9626AE29110C49002ADB48 /* Poppins-Regular.ttf */; };
		5A9626B929110E66002ADB48 /* AuthenticationViewModel.swift in Sources */ = {isa = PBXBuildFile; fileRef = 5A9626B829110E66002ADB48 /* AuthenticationViewModel.swift */; };
		5A9626BC29110F98002ADB48 /* FirebaseAuth in Frameworks */ = {isa = PBXBuildFile; productRef = 5A9626BB29110F98002ADB48 /* FirebaseAuth */; };
		5A9626BE29110F98002ADB48 /* FirebaseFirestore in Frameworks */ = {isa = PBXBuildFile; productRef = 5A9626BD29110F98002ADB48 /* FirebaseFirestore */; };
		5A9626C029110F98002ADB48 /* FirebaseFirestoreSwift-Beta in Frameworks */ = {isa = PBXBuildFile; productRef = 5A9626BF29110F98002ADB48 /* FirebaseFirestoreSwift-Beta */; };
		5A9626C229110F98002ADB48 /* FirebaseStorage in Frameworks */ = {isa = PBXBuildFile; productRef = 5A9626C129110F98002ADB48 /* FirebaseStorage */; };
		5A9626C529110FC6002ADB48 /* NukeUI in Frameworks */ = {isa = PBXBuildFile; productRef = 5A9626C429110FC6002ADB48 /* NukeUI */; };
		5A9626C829110FEC002ADB48 /* GeoFire in Frameworks */ = {isa = PBXBuildFile; productRef = 5A9626C729110FEC002ADB48 /* GeoFire */; };
		5A9626CA29110FEC002ADB48 /* GeoFireUtils in Frameworks */ = {isa = PBXBuildFile; productRef = 5A9626C929110FEC002ADB48 /* GeoFireUtils */; };
		5A9626CC29111090002ADB48 /* GoogleService-Info.plist in Resources */ = {isa = PBXBuildFile; fileRef = 5A9626CB29111090002ADB48 /* GoogleService-Info.plist */; };
		5A9626CE291110EF002ADB48 /* User.swift in Sources */ = {isa = PBXBuildFile; fileRef = 5A9626CD291110EF002ADB48 /* User.swift */; };
		5A9626D029111110002ADB48 /* Vehicle.swift in Sources */ = {isa = PBXBuildFile; fileRef = 5A9626CF29111110002ADB48 /* Vehicle.swift */; };
		5A9626D229111146002ADB48 /* Trip.swift in Sources */ = {isa = PBXBuildFile; fileRef = 5A9626D129111146002ADB48 /* Trip.swift */; };
		5A9626D42911115C002ADB48 /* AppLocation.swift in Sources */ = {isa = PBXBuildFile; fileRef = 5A9626D32911115C002ADB48 /* AppLocation.swift */; };
		5A9626D629111185002ADB48 /* Passenger.swift in Sources */ = {isa = PBXBuildFile; fileRef = 5A9626D529111185002ADB48 /* Passenger.swift */; };
		5A9626D829111293002ADB48 /* RideType.swift in Sources */ = {isa = PBXBuildFile; fileRef = 5A9626D729111293002ADB48 /* RideType.swift */; };
/* End PBXBuildFile section */

/* Begin PBXFileReference section */
		5A96267D29110A35002ADB48 /* Qwiker-Driver.app */ = {isa = PBXFileReference; explicitFileType = wrapper.application; includeInIndex = 0; path = "Qwiker-Driver.app"; sourceTree = BUILT_PRODUCTS_DIR; };
		5A96268029110A35002ADB48 /* Qwiker_DriverApp.swift */ = {isa = PBXFileReference; lastKnownFileType = sourcecode.swift; path = Qwiker_DriverApp.swift; sourceTree = "<group>"; };
		5A96268229110A35002ADB48 /* ContentView.swift */ = {isa = PBXFileReference; lastKnownFileType = sourcecode.swift; path = ContentView.swift; sourceTree = "<group>"; };
		5A96268429110A36002ADB48 /* Assets.xcassets */ = {isa = PBXFileReference; lastKnownFileType = folder.assetcatalog; path = Assets.xcassets; sourceTree = "<group>"; };
		5A96268729110A36002ADB48 /* Preview Assets.xcassets */ = {isa = PBXFileReference; lastKnownFileType = folder.assetcatalog; path = "Preview Assets.xcassets"; sourceTree = "<group>"; };
		5A96269629110AAD002ADB48 /* FontExt.swift */ = {isa = PBXFileReference; lastKnownFileType = sourcecode.swift; path = FontExt.swift; sourceTree = "<group>"; };
		5A96269829110AC7002ADB48 /* ErrorHandler.swift */ = {isa = PBXFileReference; lastKnownFileType = sourcecode.swift; path = ErrorHandler.swift; sourceTree = "<group>"; };
		5A96269B29110AF0002ADB48 /* MapHelpers.swift */ = {isa = PBXFileReference; lastKnownFileType = sourcecode.swift; path = MapHelpers.swift; sourceTree = "<group>"; };
		5A96269E29110B45002ADB48 /* LocationManager.swift */ = {isa = PBXFileReference; lastKnownFileType = sourcecode.swift; path = LocationManager.swift; sourceTree = "<group>"; };
		5A9626A029110B74002ADB48 /* Color.swift */ = {isa = PBXFileReference; lastKnownFileType = sourcecode.swift; path = Color.swift; sourceTree = "<group>"; };
		5A9626A229110B89002ADB48 /* View.swift */ = {isa = PBXFileReference; lastKnownFileType = sourcecode.swift; path = View.swift; sourceTree = "<group>"; };
		5A9626A429110B9F002ADB48 /* String.swift */ = {isa = PBXFileReference; lastKnownFileType = sourcecode.swift; path = String.swift; sourceTree = "<group>"; };
		5A9626A629110BD6002ADB48 /* UIImage.swift */ = {isa = PBXFileReference; lastKnownFileType = sourcecode.swift; path = UIImage.swift; sourceTree = "<group>"; };
		5A9626A829110BEA002ADB48 /* MapKit.swift */ = {isa = PBXFileReference; lastKnownFileType = sourcecode.swift; path = MapKit.swift; sourceTree = "<group>"; };
		5A9626AA29110BFE002ADB48 /* UIApplication.swift */ = {isa = PBXFileReference; lastKnownFileType = sourcecode.swift; path = UIApplication.swift; sourceTree = "<group>"; };
		5A9626AC29110C49002ADB48 /* Medel.ttf */ = {isa = PBXFileReference; lastKnownFileType = file; path = Medel.ttf; sourceTree = "<group>"; };
		5A9626AD29110C49002ADB48 /* Poppins-Medium.ttf */ = {isa = PBXFileReference; lastKnownFileType = file; path = "Poppins-Medium.ttf"; sourceTree = "<group>"; };
		5A9626AE29110C49002ADB48 /* Poppins-Regular.ttf */ = {isa = PBXFileReference; lastKnownFileType = file; path = "Poppins-Regular.ttf"; sourceTree = "<group>"; };
		5A9626B229110CAB002ADB48 /* Info.plist */ = {isa = PBXFileReference; lastKnownFileType = text.plist; path = Info.plist; sourceTree = "<group>"; };
		5A9626B829110E66002ADB48 /* AuthenticationViewModel.swift */ = {isa = PBXFileReference; lastKnownFileType = sourcecode.swift; path = AuthenticationViewModel.swift; sourceTree = "<group>"; };
		5A9626CB29111090002ADB48 /* GoogleService-Info.plist */ = {isa = PBXFileReference; fileEncoding = 4; lastKnownFileType = text.plist.xml; path = "GoogleService-Info.plist"; sourceTree = "<group>"; };
		5A9626CD291110EF002ADB48 /* User.swift */ = {isa = PBXFileReference; lastKnownFileType = sourcecode.swift; path = User.swift; sourceTree = "<group>"; };
		5A9626CF29111110002ADB48 /* Vehicle.swift */ = {isa = PBXFileReference; lastKnownFileType = sourcecode.swift; path = Vehicle.swift; sourceTree = "<group>"; };
		5A9626D129111146002ADB48 /* Trip.swift */ = {isa = PBXFileReference; lastKnownFileType = sourcecode.swift; path = Trip.swift; sourceTree = "<group>"; };
		5A9626D32911115C002ADB48 /* AppLocation.swift */ = {isa = PBXFileReference; lastKnownFileType = sourcecode.swift; path = AppLocation.swift; sourceTree = "<group>"; };
		5A9626D529111185002ADB48 /* Passenger.swift */ = {isa = PBXFileReference; lastKnownFileType = sourcecode.swift; path = Passenger.swift; sourceTree = "<group>"; };
		5A9626D729111293002ADB48 /* RideType.swift */ = {isa = PBXFileReference; lastKnownFileType = sourcecode.swift; path = RideType.swift; sourceTree = "<group>"; };
/* End PBXFileReference section */

/* Begin PBXFrameworksBuildPhase section */
		5A96267A29110A35002ADB48 /* Frameworks */ = {
			isa = PBXFrameworksBuildPhase;
			buildActionMask = 2147483647;
			files = (
				5A9626C829110FEC002ADB48 /* GeoFire in Frameworks */,
				5A9626C529110FC6002ADB48 /* NukeUI in Frameworks */,
				5A9626C029110F98002ADB48 /* FirebaseFirestoreSwift-Beta in Frameworks */,
				5A9626C229110F98002ADB48 /* FirebaseStorage in Frameworks */,
				5A9626BC29110F98002ADB48 /* FirebaseAuth in Frameworks */,
				5A9626CA29110FEC002ADB48 /* GeoFireUtils in Frameworks */,
				5A9626BE29110F98002ADB48 /* FirebaseFirestore in Frameworks */,
			);
			runOnlyForDeploymentPostprocessing = 0;
		};
/* End PBXFrameworksBuildPhase section */

/* Begin PBXGroup section */
		5A96267429110A35002ADB48 = {
			isa = PBXGroup;
			children = (
				5A96267F29110A35002ADB48 /* Qwiker-Driver */,
				5A96267E29110A35002ADB48 /* Products */,
			);
			sourceTree = "<group>";
		};
		5A96267E29110A35002ADB48 /* Products */ = {
			isa = PBXGroup;
			children = (
				5A96267D29110A35002ADB48 /* Qwiker-Driver.app */,
			);
			name = Products;
			sourceTree = "<group>";
		};
		5A96267F29110A35002ADB48 /* Qwiker-Driver */ = {
			isa = PBXGroup;
			children = (
				5A9626CB29111090002ADB48 /* GoogleService-Info.plist */,
				5A9626B229110CAB002ADB48 /* Info.plist */,
				5A96268E29110A44002ADB48 /* App */,
				5A96269329110A6A002ADB48 /* Extensions */,
				5A96269229110A63002ADB48 /* Utils */,
				5A96269129110A5C002ADB48 /* Model */,
				5A96269029110A57002ADB48 /* Services */,
				5A96268F29110A4D002ADB48 /* Managers */,
				5A96269429110A73002ADB48 /* Core */,
				5A96268429110A36002ADB48 /* Assets.xcassets */,
				5A96268629110A36002ADB48 /* Preview Content */,
			);
			path = "Qwiker-Driver";
			sourceTree = "<group>";
		};
		5A96268629110A36002ADB48 /* Preview Content */ = {
			isa = PBXGroup;
			children = (
				5A96268729110A36002ADB48 /* Preview Assets.xcassets */,
			);
			path = "Preview Content";
			sourceTree = "<group>";
		};
		5A96268E29110A44002ADB48 /* App */ = {
			isa = PBXGroup;
			children = (
				5A96268229110A35002ADB48 /* ContentView.swift */,
				5A96268029110A35002ADB48 /* Qwiker_DriverApp.swift */,
			);
			path = App;
			sourceTree = "<group>";
		};
		5A96268F29110A4D002ADB48 /* Managers */ = {
			isa = PBXGroup;
			children = (
				5A96269E29110B45002ADB48 /* LocationManager.swift */,
			);
			path = Managers;
			sourceTree = "<group>";
		};
		5A96269029110A57002ADB48 /* Services */ = {
			isa = PBXGroup;
			children = (
			);
			path = Services;
			sourceTree = "<group>";
		};
		5A96269129110A5C002ADB48 /* Model */ = {
			isa = PBXGroup;
			children = (
				5A9626CD291110EF002ADB48 /* User.swift */,
				5A9626CF29111110002ADB48 /* Vehicle.swift */,
				5A9626D129111146002ADB48 /* Trip.swift */,
				5A9626D32911115C002ADB48 /* AppLocation.swift */,
				5A9626D529111185002ADB48 /* Passenger.swift */,
				5A9626D729111293002ADB48 /* RideType.swift */,
			);
			path = Model;
			sourceTree = "<group>";
		};
		5A96269229110A63002ADB48 /* Utils */ = {
			isa = PBXGroup;
			children = (
				5A96269A29110AE8002ADB48 /* Helpers */,
				5A96269529110AA3002ADB48 /* Font */,
				5A96269829110AC7002ADB48 /* ErrorHandler.swift */,
			);
			path = Utils;
			sourceTree = "<group>";
		};
		5A96269329110A6A002ADB48 /* Extensions */ = {
			isa = PBXGroup;
			children = (
				5A9626A029110B74002ADB48 /* Color.swift */,
				5A9626A229110B89002ADB48 /* View.swift */,
				5A9626A429110B9F002ADB48 /* String.swift */,
				5A9626A629110BD6002ADB48 /* UIImage.swift */,
				5A9626A829110BEA002ADB48 /* MapKit.swift */,
				5A9626AA29110BFE002ADB48 /* UIApplication.swift */,
			);
			path = Extensions;
			sourceTree = "<group>";
		};
		5A96269429110A73002ADB48 /* Core */ = {
			isa = PBXGroup;
			children = (
				5A9626B529110E24002ADB48 /* Authentication */,
				5A9626B429110E1B002ADB48 /* Onboard */,
			);
			path = Core;
			sourceTree = "<group>";
		};
		5A96269529110AA3002ADB48 /* Font */ = {
			isa = PBXGroup;
			children = (
				5A9626AC29110C49002ADB48 /* Medel.ttf */,
				5A9626AD29110C49002ADB48 /* Poppins-Medium.ttf */,
				5A9626AE29110C49002ADB48 /* Poppins-Regular.ttf */,
				5A96269629110AAD002ADB48 /* FontExt.swift */,
			);
			path = Font;
			sourceTree = "<group>";
		};
		5A96269A29110AE8002ADB48 /* Helpers */ = {
			isa = PBXGroup;
			children = (
				5A96269B29110AF0002ADB48 /* MapHelpers.swift */,
			);
			path = Helpers;
			sourceTree = "<group>";
		};
		5A9626B429110E1B002ADB48 /* Onboard */ = {
			isa = PBXGroup;
			children = (
			);
			path = Onboard;
			sourceTree = "<group>";
		};
		5A9626B529110E24002ADB48 /* Authentication */ = {
			isa = PBXGroup;
			children = (
				5A9626B729110E5E002ADB48 /* ViewModel */,
				5A9626B629110E5B002ADB48 /* View */,
			);
			path = Authentication;
			sourceTree = "<group>";
		};
		5A9626B629110E5B002ADB48 /* View */ = {
			isa = PBXGroup;
			children = (
			);
			path = View;
			sourceTree = "<group>";
		};
		5A9626B729110E5E002ADB48 /* ViewModel */ = {
			isa = PBXGroup;
			children = (
				5A9626B829110E66002ADB48 /* AuthenticationViewModel.swift */,
			);
			path = ViewModel;
			sourceTree = "<group>";
		};
/* End PBXGroup section */

/* Begin PBXNativeTarget section */
		5A96267C29110A35002ADB48 /* Qwiker-Driver */ = {
			isa = PBXNativeTarget;
			buildConfigurationList = 5A96268B29110A36002ADB48 /* Build configuration list for PBXNativeTarget "Qwiker-Driver" */;
			buildPhases = (
				5A96267929110A35002ADB48 /* Sources */,
				5A96267A29110A35002ADB48 /* Frameworks */,
				5A96267B29110A35002ADB48 /* Resources */,
			);
			buildRules = (
			);
			dependencies = (
			);
			name = "Qwiker-Driver";
			packageProductDependencies = (
				5A9626BB29110F98002ADB48 /* FirebaseAuth */,
				5A9626BD29110F98002ADB48 /* FirebaseFirestore */,
				5A9626BF29110F98002ADB48 /* FirebaseFirestoreSwift-Beta */,
				5A9626C129110F98002ADB48 /* FirebaseStorage */,
				5A9626C429110FC6002ADB48 /* NukeUI */,
				5A9626C729110FEC002ADB48 /* GeoFire */,
				5A9626C929110FEC002ADB48 /* GeoFireUtils */,
			);
			productName = "Qwiker-Driver";
			productReference = 5A96267D29110A35002ADB48 /* Qwiker-Driver.app */;
			productType = "com.apple.product-type.application";
		};
/* End PBXNativeTarget section */

/* Begin PBXProject section */
		5A96267529110A35002ADB48 /* Project object */ = {
			isa = PBXProject;
			attributes = {
				BuildIndependentTargetsInParallel = 1;
				LastSwiftUpdateCheck = 1340;
				LastUpgradeCheck = 1340;
				TargetAttributes = {
					5A96267C29110A35002ADB48 = {
						CreatedOnToolsVersion = 13.4;
					};
				};
			};
			buildConfigurationList = 5A96267829110A35002ADB48 /* Build configuration list for PBXProject "Qwiker-Driver" */;
			compatibilityVersion = "Xcode 13.0";
			developmentRegion = en;
			hasScannedForEncodings = 0;
			knownRegions = (
				en,
				Base,
			);
			mainGroup = 5A96267429110A35002ADB48;
			packageReferences = (
				5A9626BA29110F98002ADB48 /* XCRemoteSwiftPackageReference "firebase-ios-sdk" */,
				5A9626C329110FC6002ADB48 /* XCRemoteSwiftPackageReference "NukeUI" */,
				5A9626C629110FEC002ADB48 /* XCRemoteSwiftPackageReference "geofire-objc" */,
			);
			productRefGroup = 5A96267E29110A35002ADB48 /* Products */;
			projectDirPath = "";
			projectRoot = "";
			targets = (
				5A96267C29110A35002ADB48 /* Qwiker-Driver */,
			);
		};
/* End PBXProject section */

/* Begin PBXResourcesBuildPhase section */
		5A96267B29110A35002ADB48 /* Resources */ = {
			isa = PBXResourcesBuildPhase;
			buildActionMask = 2147483647;
			files = (
				5A9626B129110C49002ADB48 /* Poppins-Regular.ttf in Resources */,
				5A96268829110A36002ADB48 /* Preview Assets.xcassets in Resources */,
				5A9626AF29110C49002ADB48 /* Medel.ttf in Resources */,
				5A96268529110A36002ADB48 /* Assets.xcassets in Resources */,
				5A9626B029110C49002ADB48 /* Poppins-Medium.ttf in Resources */,
				5A9626CC29111090002ADB48 /* GoogleService-Info.plist in Resources */,
			);
			runOnlyForDeploymentPostprocessing = 0;
		};
/* End PBXResourcesBuildPhase section */

/* Begin PBXSourcesBuildPhase section */
		5A96267929110A35002ADB48 /* Sources */ = {
			isa = PBXSourcesBuildPhase;
			buildActionMask = 2147483647;
			files = (
				5A9626B929110E66002ADB48 /* AuthenticationViewModel.swift in Sources */,
				5A9626AB29110BFE002ADB48 /* UIApplication.swift in Sources */,
				5A9626A329110B89002ADB48 /* View.swift in Sources */,
				5A9626D029111110002ADB48 /* Vehicle.swift in Sources */,
				5A9626D229111146002ADB48 /* Trip.swift in Sources */,
				5A9626A729110BD6002ADB48 /* UIImage.swift in Sources */,
				5A96268329110A35002ADB48 /* ContentView.swift in Sources */,
				5A96269929110AC7002ADB48 /* ErrorHandler.swift in Sources */,
				5A9626CE291110EF002ADB48 /* User.swift in Sources */,
				5A9626D829111293002ADB48 /* RideType.swift in Sources */,
				5A9626A529110B9F002ADB48 /* String.swift in Sources */,
				5A9626A929110BEA002ADB48 /* MapKit.swift in Sources */,
				5A9626A129110B74002ADB48 /* Color.swift in Sources */,
				5A96269F29110B45002ADB48 /* LocationManager.swift in Sources */,
				5A96268129110A35002ADB48 /* Qwiker_DriverApp.swift in Sources */,
				5A9626D629111185002ADB48 /* Passenger.swift in Sources */,
				5A9626D42911115C002ADB48 /* AppLocation.swift in Sources */,
				5A96269729110AAD002ADB48 /* FontExt.swift in Sources */,
				5A96269C29110AF0002ADB48 /* MapHelpers.swift in Sources */,
			);
			runOnlyForDeploymentPostprocessing = 0;
		};
/* End PBXSourcesBuildPhase section */

/* Begin XCBuildConfiguration section */
		5A96268929110A36002ADB48 /* Debug */ = {
			isa = XCBuildConfiguration;
			buildSettings = {
				ALWAYS_SEARCH_USER_PATHS = NO;
				CLANG_ANALYZER_NONNULL = YES;
				CLANG_ANALYZER_NUMBER_OBJECT_CONVERSION = YES_AGGRESSIVE;
				CLANG_CXX_LANGUAGE_STANDARD = "gnu++17";
				CLANG_ENABLE_MODULES = YES;
				CLANG_ENABLE_OBJC_ARC = YES;
				CLANG_ENABLE_OBJC_WEAK = YES;
				CLANG_WARN_BLOCK_CAPTURE_AUTORELEASING = YES;
				CLANG_WARN_BOOL_CONVERSION = YES;
				CLANG_WARN_COMMA = YES;
				CLANG_WARN_CONSTANT_CONVERSION = YES;
				CLANG_WARN_DEPRECATED_OBJC_IMPLEMENTATIONS = YES;
				CLANG_WARN_DIRECT_OBJC_ISA_USAGE = YES_ERROR;
				CLANG_WARN_DOCUMENTATION_COMMENTS = YES;
				CLANG_WARN_EMPTY_BODY = YES;
				CLANG_WARN_ENUM_CONVERSION = YES;
				CLANG_WARN_INFINITE_RECURSION = YES;
				CLANG_WARN_INT_CONVERSION = YES;
				CLANG_WARN_NON_LITERAL_NULL_CONVERSION = YES;
				CLANG_WARN_OBJC_IMPLICIT_RETAIN_SELF = YES;
				CLANG_WARN_OBJC_LITERAL_CONVERSION = YES;
				CLANG_WARN_OBJC_ROOT_CLASS = YES_ERROR;
				CLANG_WARN_QUOTED_INCLUDE_IN_FRAMEWORK_HEADER = YES;
				CLANG_WARN_RANGE_LOOP_ANALYSIS = YES;
				CLANG_WARN_STRICT_PROTOTYPES = YES;
				CLANG_WARN_SUSPICIOUS_MOVE = YES;
				CLANG_WARN_UNGUARDED_AVAILABILITY = YES_AGGRESSIVE;
				CLANG_WARN_UNREACHABLE_CODE = YES;
				CLANG_WARN__DUPLICATE_METHOD_MATCH = YES;
				COPY_PHASE_STRIP = NO;
				DEBUG_INFORMATION_FORMAT = dwarf;
				ENABLE_STRICT_OBJC_MSGSEND = YES;
				ENABLE_TESTABILITY = YES;
				GCC_C_LANGUAGE_STANDARD = gnu11;
				GCC_DYNAMIC_NO_PIC = NO;
				GCC_NO_COMMON_BLOCKS = YES;
				GCC_OPTIMIZATION_LEVEL = 0;
				GCC_PREPROCESSOR_DEFINITIONS = (
					"DEBUG=1",
					"$(inherited)",
				);
				GCC_WARN_64_TO_32_BIT_CONVERSION = YES;
				GCC_WARN_ABOUT_RETURN_TYPE = YES_ERROR;
				GCC_WARN_UNDECLARED_SELECTOR = YES;
				GCC_WARN_UNINITIALIZED_AUTOS = YES_AGGRESSIVE;
				GCC_WARN_UNUSED_FUNCTION = YES;
				GCC_WARN_UNUSED_VARIABLE = YES;
				IPHONEOS_DEPLOYMENT_TARGET = 15.5;
				MTL_ENABLE_DEBUG_INFO = INCLUDE_SOURCE;
				MTL_FAST_MATH = YES;
				ONLY_ACTIVE_ARCH = YES;
				SDKROOT = iphoneos;
				SWIFT_ACTIVE_COMPILATION_CONDITIONS = DEBUG;
				SWIFT_OPTIMIZATION_LEVEL = "-Onone";
			};
			name = Debug;
		};
		5A96268A29110A36002ADB48 /* Release */ = {
			isa = XCBuildConfiguration;
			buildSettings = {
				ALWAYS_SEARCH_USER_PATHS = NO;
				CLANG_ANALYZER_NONNULL = YES;
				CLANG_ANALYZER_NUMBER_OBJECT_CONVERSION = YES_AGGRESSIVE;
				CLANG_CXX_LANGUAGE_STANDARD = "gnu++17";
				CLANG_ENABLE_MODULES = YES;
				CLANG_ENABLE_OBJC_ARC = YES;
				CLANG_ENABLE_OBJC_WEAK = YES;
				CLANG_WARN_BLOCK_CAPTURE_AUTORELEASING = YES;
				CLANG_WARN_BOOL_CONVERSION = YES;
				CLANG_WARN_COMMA = YES;
				CLANG_WARN_CONSTANT_CONVERSION = YES;
				CLANG_WARN_DEPRECATED_OBJC_IMPLEMENTATIONS = YES;
				CLANG_WARN_DIRECT_OBJC_ISA_USAGE = YES_ERROR;
				CLANG_WARN_DOCUMENTATION_COMMENTS = YES;
				CLANG_WARN_EMPTY_BODY = YES;
				CLANG_WARN_ENUM_CONVERSION = YES;
				CLANG_WARN_INFINITE_RECURSION = YES;
				CLANG_WARN_INT_CONVERSION = YES;
				CLANG_WARN_NON_LITERAL_NULL_CONVERSION = YES;
				CLANG_WARN_OBJC_IMPLICIT_RETAIN_SELF = YES;
				CLANG_WARN_OBJC_LITERAL_CONVERSION = YES;
				CLANG_WARN_OBJC_ROOT_CLASS = YES_ERROR;
				CLANG_WARN_QUOTED_INCLUDE_IN_FRAMEWORK_HEADER = YES;
				CLANG_WARN_RANGE_LOOP_ANALYSIS = YES;
				CLANG_WARN_STRICT_PROTOTYPES = YES;
				CLANG_WARN_SUSPICIOUS_MOVE = YES;
				CLANG_WARN_UNGUARDED_AVAILABILITY = YES_AGGRESSIVE;
				CLANG_WARN_UNREACHABLE_CODE = YES;
				CLANG_WARN__DUPLICATE_METHOD_MATCH = YES;
				COPY_PHASE_STRIP = NO;
				DEBUG_INFORMATION_FORMAT = "dwarf-with-dsym";
				ENABLE_NS_ASSERTIONS = NO;
				ENABLE_STRICT_OBJC_MSGSEND = YES;
				GCC_C_LANGUAGE_STANDARD = gnu11;
				GCC_NO_COMMON_BLOCKS = YES;
				GCC_WARN_64_TO_32_BIT_CONVERSION = YES;
				GCC_WARN_ABOUT_RETURN_TYPE = YES_ERROR;
				GCC_WARN_UNDECLARED_SELECTOR = YES;
				GCC_WARN_UNINITIALIZED_AUTOS = YES_AGGRESSIVE;
				GCC_WARN_UNUSED_FUNCTION = YES;
				GCC_WARN_UNUSED_VARIABLE = YES;
				IPHONEOS_DEPLOYMENT_TARGET = 15.5;
				MTL_ENABLE_DEBUG_INFO = NO;
				MTL_FAST_MATH = YES;
				SDKROOT = iphoneos;
				SWIFT_COMPILATION_MODE = wholemodule;
				SWIFT_OPTIMIZATION_LEVEL = "-O";
				VALIDATE_PRODUCT = YES;
			};
			name = Release;
		};
		5A96268C29110A36002ADB48 /* Debug */ = {
			isa = XCBuildConfiguration;
			buildSettings = {
				ASSETCATALOG_COMPILER_APPICON_NAME = AppIcon;
				ASSETCATALOG_COMPILER_GLOBAL_ACCENT_COLOR_NAME = AccentColor;
				CODE_SIGN_STYLE = Automatic;
				CURRENT_PROJECT_VERSION = 1;
				DEVELOPMENT_ASSET_PATHS = "\"Qwiker-Driver/Preview Content\"";
				DEVELOPMENT_TEAM = 92PU6D6MCQ;
				ENABLE_PREVIEWS = YES;
				GENERATE_INFOPLIST_FILE = YES;
				INFOPLIST_FILE = "Qwiker-Driver/Info.plist";
				INFOPLIST_KEY_UIApplicationSceneManifest_Generation = YES;
				INFOPLIST_KEY_UIApplicationSupportsIndirectInputEvents = YES;
				INFOPLIST_KEY_UILaunchScreen_Generation = YES;
				INFOPLIST_KEY_UISupportedInterfaceOrientations = "UIInterfaceOrientationPortrait UIInterfaceOrientationLandscapeLeft UIInterfaceOrientationLandscapeRight";
				INFOPLIST_KEY_UISupportedInterfaceOrientations_iPad = "UIInterfaceOrientationPortrait UIInterfaceOrientationPortraitUpsideDown UIInterfaceOrientationLandscapeLeft UIInterfaceOrientationLandscapeRight";
				INFOPLIST_KEY_UISupportedInterfaceOrientations_iPhone = "UIInterfaceOrientationPortrait UIInterfaceOrientationLandscapeLeft UIInterfaceOrientationLandscapeRight";
				IPHONEOS_DEPLOYMENT_TARGET = 15.0;
				LD_RUNPATH_SEARCH_PATHS = (
					"$(inherited)",
					"@executable_path/Frameworks",
				);
				MARKETING_VERSION = 1.0;
				PRODUCT_BUNDLE_IDENTIFIER = "com.bogdanZyk.Qwiker-Driver";
				PRODUCT_NAME = "$(TARGET_NAME)";
				SWIFT_EMIT_LOC_STRINGS = YES;
				SWIFT_VERSION = 5.0;
				TARGETED_DEVICE_FAMILY = "1,2";
			};
			name = Debug;
		};
		5A96268D29110A36002ADB48 /* Release */ = {
			isa = XCBuildConfiguration;
			buildSettings = {
				ASSETCATALOG_COMPILER_APPICON_NAME = AppIcon;
				ASSETCATALOG_COMPILER_GLOBAL_ACCENT_COLOR_NAME = AccentColor;
				CODE_SIGN_STYLE = Automatic;
				CURRENT_PROJECT_VERSION = 1;
				DEVELOPMENT_ASSET_PATHS = "\"Qwiker-Driver/Preview Content\"";
				DEVELOPMENT_TEAM = 92PU6D6MCQ;
				ENABLE_PREVIEWS = YES;
				GENERATE_INFOPLIST_FILE = YES;
				INFOPLIST_FILE = "Qwiker-Driver/Info.plist";
				INFOPLIST_KEY_UIApplicationSceneManifest_Generation = YES;
				INFOPLIST_KEY_UIApplicationSupportsIndirectInputEvents = YES;
				INFOPLIST_KEY_UILaunchScreen_Generation = YES;
				INFOPLIST_KEY_UISupportedInterfaceOrientations = "UIInterfaceOrientationPortrait UIInterfaceOrientationLandscapeLeft UIInterfaceOrientationLandscapeRight";
				INFOPLIST_KEY_UISupportedInterfaceOrientations_iPad = "UIInterfaceOrientationPortrait UIInterfaceOrientationPortraitUpsideDown UIInterfaceOrientationLandscapeLeft UIInterfaceOrientationLandscapeRight";
				INFOPLIST_KEY_UISupportedInterfaceOrientations_iPhone = "UIInterfaceOrientationPortrait UIInterfaceOrientationLandscapeLeft UIInterfaceOrientationLandscapeRight";
				IPHONEOS_DEPLOYMENT_TARGET = 15.0;
				LD_RUNPATH_SEARCH_PATHS = (
					"$(inherited)",
					"@executable_path/Frameworks",
				);
				MARKETING_VERSION = 1.0;
				PRODUCT_BUNDLE_IDENTIFIER = "com.bogdanZyk.Qwiker-Driver";
				PRODUCT_NAME = "$(TARGET_NAME)";
				SWIFT_EMIT_LOC_STRINGS = YES;
				SWIFT_VERSION = 5.0;
				TARGETED_DEVICE_FAMILY = "1,2";
			};
			name = Release;
		};
/* End XCBuildConfiguration section */

/* Begin XCConfigurationList section */
		5A96267829110A35002ADB48 /* Build configuration list for PBXProject "Qwiker-Driver" */ = {
			isa = XCConfigurationList;
			buildConfigurations = (
				5A96268929110A36002ADB48 /* Debug */,
				5A96268A29110A36002ADB48 /* Release */,
			);
			defaultConfigurationIsVisible = 0;
			defaultConfigurationName = Release;
		};
		5A96268B29110A36002ADB48 /* Build configuration list for PBXNativeTarget "Qwiker-Driver" */ = {
			isa = XCConfigurationList;
			buildConfigurations = (
				5A96268C29110A36002ADB48 /* Debug */,
				5A96268D29110A36002ADB48 /* Release */,
			);
			defaultConfigurationIsVisible = 0;
			defaultConfigurationName = Release;
		};
/* End XCConfigurationList section */

/* Begin XCRemoteSwiftPackageReference section */
		5A9626BA29110F98002ADB48 /* XCRemoteSwiftPackageReference "firebase-ios-sdk" */ = {
			isa = XCRemoteSwiftPackageReference;
			repositoryURL = "https://github.com/firebase/firebase-ios-sdk";
			requirement = {
				kind = exactVersion;
				version = 8.15.0;
			};
		};
		5A9626C329110FC6002ADB48 /* XCRemoteSwiftPackageReference "NukeUI" */ = {
			isa = XCRemoteSwiftPackageReference;
			repositoryURL = "https://github.com/kean/NukeUI";
			requirement = {
				kind = upToNextMajorVersion;
				minimumVersion = 0.8.3;
			};
		};
		5A9626C629110FEC002ADB48 /* XCRemoteSwiftPackageReference "geofire-objc" */ = {
			isa = XCRemoteSwiftPackageReference;
			repositoryURL = "https://github.com/firebase/geofire-objc.git";
			requirement = {
				kind = exactVersion;
				version = 4.3.0;
			};
		};
/* End XCRemoteSwiftPackageReference section */

/* Begin XCSwiftPackageProductDependency section */
		5A9626BB29110F98002ADB48 /* FirebaseAuth */ = {
			isa = XCSwiftPackageProductDependency;
			package = 5A9626BA29110F98002ADB48 /* XCRemoteSwiftPackageReference "firebase-ios-sdk" */;
			productName = FirebaseAuth;
		};
		5A9626BD29110F98002ADB48 /* FirebaseFirestore */ = {
			isa = XCSwiftPackageProductDependency;
			package = 5A9626BA29110F98002ADB48 /* XCRemoteSwiftPackageReference "firebase-ios-sdk" */;
			productName = FirebaseFirestore;
		};
		5A9626BF29110F98002ADB48 /* FirebaseFirestoreSwift-Beta */ = {
			isa = XCSwiftPackageProductDependency;
			package = 5A9626BA29110F98002ADB48 /* XCRemoteSwiftPackageReference "firebase-ios-sdk" */;
			productName = "FirebaseFirestoreSwift-Beta";
		};
		5A9626C129110F98002ADB48 /* FirebaseStorage */ = {
			isa = XCSwiftPackageProductDependency;
			package = 5A9626BA29110F98002ADB48 /* XCRemoteSwiftPackageReference "firebase-ios-sdk" */;
			productName = FirebaseStorage;
		};
		5A9626C429110FC6002ADB48 /* NukeUI */ = {
			isa = XCSwiftPackageProductDependency;
			package = 5A9626C329110FC6002ADB48 /* XCRemoteSwiftPackageReference "NukeUI" */;
			productName = NukeUI;
		};
		5A9626C729110FEC002ADB48 /* GeoFire */ = {
			isa = XCSwiftPackageProductDependency;
			package = 5A9626C629110FEC002ADB48 /* XCRemoteSwiftPackageReference "geofire-objc" */;
			productName = GeoFire;
		};
		5A9626C929110FEC002ADB48 /* GeoFireUtils */ = {
			isa = XCSwiftPackageProductDependency;
			package = 5A9626C629110FEC002ADB48 /* XCRemoteSwiftPackageReference "geofire-objc" */;
			productName = GeoFireUtils;
		};
/* End XCSwiftPackageProductDependency section */
	};
	rootObject = 5A96267529110A35002ADB48 /* Project object */;
}
